hash: 4a6ec233b148c7f48397236f8dff3d5290d81a1fbfc6c361fdecaba5d6793afc
updated: 2016-10-25T18:10:39.868851001-04:00
imports:
- name: github.com/arschles/assert
  version: bb58b908265b5931732079df03f2818bf2167ba0
- name: github.com/blang/semver
  version: 60ec3488bfea7cca02b021d106d9911120d25fe9
- name: github.com/davecgh/go-spew
  version: 6d212800a42e8ab5c146b8ace3490ee17e5225f9
  subpackages:
  - spew
- name: github.com/emicklei/go-restful
  version: 3d66f886316ac990eb502aaa89ea38546420b8b7
  subpackages:
  - log
  - swagger
- name: github.com/ghodss/yaml
  version: bea76d6a4713e18b7f5321a2b020738552def3ea
- name: github.com/gogo/protobuf
  version: 91cc2497504ffbaba9656e7d988ccfe41c54f6a9
  subpackages:
  - proto
  - sortkeys
- name: github.com/golang/glog
  version: 23def4e6c14b4da8ac2ed8007337bc5eb5007998
- name: github.com/google/gofuzz
  version: fd52762d25a41827db7ef64c43756fd4b9f7e382
- name: github.com/gorilla/context
  version: 08b5f424b9271eedf6f9f0ce86cb9396ed337a42
- name: github.com/gorilla/mux
  version: 757bef944d0f21880861c2dd9c871ca543023cba
- name: github.com/juju/ansiterm
  version: b99631de12cf04a906c1d4e4ec54fb86eae5863d
  subpackages:
  - tabwriter
- name: github.com/juju/loggo
  version: 3b7ece48644d35850f4ced4c2cbc2cf8413f58e0
- name: github.com/juju/ratelimit
  version: 77ed1c8a01217656d2080ad51981f6e99adaa177
- name: github.com/lunixbochs/vtclean
  version: 4fbf7632a2c6d3fbdb9931439bdbbeded02cbe36
- name: github.com/mattn/go-colorable
  version: 6c903ff4aa50920ca86087a280590b36b3152b9c
- name: github.com/mattn/go-isatty
  version: 66b8e73f3f5cda9f96b69efd03dd3d7fc4a5cdb8
- name: github.com/pborman/uuid
  version: 3d4f2ba23642d3cfd06bd4b54cf03d99d95c0f1b
- name: github.com/spf13/pflag
  version: 5ccb023bc27df288a957c5e994cd44fd19619465
- name: github.com/ugorji/go
  version: faddd6128c66c4708f45fdc007f575f75e592a3c
  subpackages:
  - codec
- name: golang.org/x/net
  version: 65dfc08770ce66f74becfdff5f8ab01caef4e946
  subpackages:
  - context
  - http2
  - http2/hpack
  - idna
  - lex/httplex
- name: gopkg.in/inf.v0
  version: 3887ee99ecf07df5b447e9b00d9c0b2adaa9f3e4
- name: gopkg.in/yaml.v2
  version: a5b47d31c556af34a302ce5d659e6fea44d90de0
- name: k8s.io/client-go
  version: 93fcd402979cfad8a7151f96e016416947c6a3cb
  subpackages:
  - "1.4"
  - 1.4/discovery
  - 1.4/kubernetes
  - 1.4/kubernetes/typed/authorization/v1beta1
  - 1.4/kubernetes/typed/autoscaling/v1
  - 1.4/kubernetes/typed/batch/v1
  - 1.4/kubernetes/typed/core/v1
  - 1.4/kubernetes/typed/extensions/v1beta1
  - 1.4/kubernetes/typed/policy/v1alpha1
  - 1.4/pkg/api
  - 1.4/pkg/api/endpoints
  - 1.4/pkg/api/errors
  - 1.4/pkg/api/install
  - 1.4/pkg/api/meta
  - 1.4/pkg/api/meta/metatypes
  - 1.4/pkg/api/pod
  - 1.4/pkg/api/resource
  - 1.4/pkg/api/service
  - 1.4/pkg/api/unversioned
  - 1.4/pkg/api/unversioned/validation
  - 1.4/pkg/api/util
  - 1.4/pkg/api/v1
  - 1.4/pkg/api/validation
  - 1.4/pkg/apimachinery
  - 1.4/pkg/apimachinery/registered
  - 1.4/pkg/apis/authorization
  - 1.4/pkg/apis/authorization/install
  - 1.4/pkg/apis/authorization/v1beta1
  - 1.4/pkg/apis/autoscaling
  - 1.4/pkg/apis/autoscaling/install
  - 1.4/pkg/apis/autoscaling/v1
  - 1.4/pkg/apis/batch
  - 1.4/pkg/apis/batch/install
  - 1.4/pkg/apis/batch/v1
  - 1.4/pkg/apis/batch/v2alpha1
  - 1.4/pkg/apis/extensions
  - 1.4/pkg/apis/extensions/install
  - 1.4/pkg/apis/extensions/v1beta1
  - 1.4/pkg/apis/policy
  - 1.4/pkg/apis/policy/install
  - 1.4/pkg/apis/policy/v1alpha1
  - 1.4/pkg/auth/user
  - 1.4/pkg/capabilities
  - 1.4/pkg/conversion
  - 1.4/pkg/conversion/queryparams
  - 1.4/pkg/fields
  - 1.4/pkg/labels
  - 1.4/pkg/runtime
  - 1.4/pkg/runtime/serializer
  - 1.4/pkg/runtime/serializer/json
  - 1.4/pkg/runtime/serializer/protobuf
  - 1.4/pkg/runtime/serializer/recognizer
  - 1.4/pkg/runtime/serializer/streaming
  - 1.4/pkg/runtime/serializer/versioning
  - 1.4/pkg/security/apparmor
  - 1.4/pkg/selection
  - 1.4/pkg/third_party/forked/golang/reflect
  - 1.4/pkg/types
  - 1.4/pkg/util
  - 1.4/pkg/util/clock
  - 1.4/pkg/util/config
  - 1.4/pkg/util/crypto
  - 1.4/pkg/util/errors
  - 1.4/pkg/util/flowcontrol
  - 1.4/pkg/util/framer
  - 1.4/pkg/util/hash
  - 1.4/pkg/util/integer
  - 1.4/pkg/util/intstr
  - 1.4/pkg/util/json
  - 1.4/pkg/util/labels
  - 1.4/pkg/util/net
  - 1.4/pkg/util/net/sets
  - 1.4/pkg/util/parsers
  - 1.4/pkg/util/rand
  - 1.4/pkg/util/runtime
  - 1.4/pkg/util/sets
  - 1.4/pkg/util/uuid
  - 1.4/pkg/util/validation
  - 1.4/pkg/util/validation/field
  - 1.4/pkg/util/wait
  - 1.4/pkg/util/yaml
  - 1.4/pkg/version
  - 1.4/pkg/watch
  - 1.4/pkg/watch/versioned
  - 1.4/rest
  - 1.4/tools/clientcmd/api
  - 1.4/tools/metrics
  - 1.4/transport
testImports: []
